<Solution>
  <Folder Name="/src/">
    <Project Path="src/Api/Api.csproj" />
  </Folder>
  <Folder Name="/src/Database/">
    <Project Path="src/Database/Database.csproj" />
    <Project Path="src/Entities/Entities.csproj" />
  </Folder>
  <Folder Name="/tests/">
    <Project Path="tests/Api.Tests/Api.Tests.csproj" />
  </Folder>
  <Folder Name="/tests/Endpoints/">
    <File Path="tests\Endpoints\http-client.env.json" />
  </Folder>
  <Folder Name="/tests/Endpoints/Asserts/">
    <File Path="tests\Endpoints\Asserts\Should_be_200_OK.js" />
    <File Path="tests\Endpoints\Asserts\Should_be_200_OK_and_get_paged_5_results.js" />
    <File Path="tests\Endpoints\Asserts\Should_be_200_OK_and_get_paged_ids.js" />
    <File Path="tests\Endpoints\Asserts\Should_be_200_OK_and_get_paged_top_id.js" />
    <File Path="tests\Endpoints\Asserts\Should_be_200_OK_and_get_top_id.js" />
    <File Path="tests\Endpoints\Asserts\Should_be_200_OK_empty_list.js" />
    <File Path="tests\Endpoints\Asserts\Should_be_201_created.js" />
    <File Path="tests\Endpoints\Asserts\Should_be_204_no_content.js" />
    <File Path="tests\Endpoints\Asserts\Should_be_404.js" />
    <File Path="tests\Endpoints\Asserts\Should_be_409_conflict.js" />
    <File Path="tests\Endpoints\Asserts\Should_be_422_error_response.js" />
    <File Path="tests\Endpoints\Asserts\Should_be_ok_and_get_top_application_id.js" />
  </Folder>
  <Folder Name="/tests/Endpoints/tests/">
    <File Path="tests\Endpoints\Cattle\Cattle.http" />
  </Folder>
</Solution>
