<Solution>
  <Folder Name="/src/">
    <Project Path="src/Api/Api.csproj" />
  </Folder>
  <Folder Name="/src/Database/">
    <Project Path="src/Database/Database.csproj" />
    <Project Path="src/Entities/Entities.csproj" />
  </Folder>
  <Folder Name="/tests/">
    <Project Path="tests/Api.Tests/Api.Tests.csproj" />
  </Folder>
</Solution>
